
Microsoft Visual Studio Solution File, Format Version 12.00
# Visual Studio 14
VisualStudioVersion = 14.0.25420.1
MinimumVisualStudioVersion = 10.0.40219.1
Project("{F184B08F-C81C-45F6-A57F-5ABD9991F28F}") = "mswanson1b1", "mswanson1b1\mswanson1b1.vbproj", "{684A780D-5F29-45C7-AD58-553B4D20DBD0}"
EndProject
Project("{F184B08F-C81C-45F6-A57F-5ABD9991F28F}") = "mswanson1c1", "mswanson1c1\mswanson1c1.vbproj", "{BCD3BC9C-1BD0-4A78-9BD3-32706BDF5FDA}"
EndProject
Project("{F184B08F-C81C-45F6-A57F-5ABD9991F28F}") = "mswanson1d1", "mswanson1d1\mswanson1d1.vbproj", "{7691698E-10E6-4345-BDAA-97C98B4DAACE}"
EndProject
Project("{F184B08F-C81C-45F6-A57F-5ABD9991F28F}") = "mswanson1e1", "mswanson1e1\mswanson1e1.vbproj", "{6561F37D-DF96-41A1-B742-827B6202DC59}"
EndProject
Project("{F184B08F-C81C-45F6-A57F-5ABD9991F28F}") = "mswanson1f1", "mswanson1f1\mswanson1f1.vbproj", "{D8DD0A44-C11A-4F1C-A3F8-6FBE5FBDE74C}"
EndProject
Project("{F184B08F-C81C-45F6-A57F-5ABD9991F28F}") = "mswanson1h1", "mswanson1h1\mswanson1h1.vbproj", "{7E4C74F1-239B-4C5F-9D3F-72D2131B218C}"
EndProject
Project("{F184B08F-C81C-45F6-A57F-5ABD9991F28F}") = "mswanson1g1", "mswanson1g1\mswanson1g1.vbproj", "{7753344F-1F4B-463F-8402-16FF376F2D47}"
EndProject
Project("{F184B08F-C81C-45F6-A57F-5ABD9991F28F}") = "mswansonQ1Review2", "mswansonQ1Review2\mswansonQ1Review2.vbproj", "{2BD314A3-2BBD-4371-836F-7484B3EBAD71}"
EndProject
Project("{F184B08F-C81C-45F6-A57F-5ABD9991F28F}") = "mswanson2a1", "mswanson2a1\mswanson2a1.vbproj", "{49A7BAAF-B725-4708-94B1-F0C1DFAE12F6}"
EndProject
Project("{F184B08F-C81C-45F6-A57F-5ABD9991F28F}") = "mswanson2b1", "mswanson2b1\mswanson2b1.vbproj", "{D130EA65-E12C-40ED-A5EC-281A496CCFF4}"
EndProject
Project("{F184B08F-C81C-45F6-A57F-5ABD9991F28F}") = "mswanson2c1", "mswanson2c1\mswanson2c1.vbproj", "{33904DA9-F307-4F72-BD16-23BDD6D029C4}"
EndProject
Project("{F184B08F-C81C-45F6-A57F-5ABD9991F28F}") = "mswanson2f1", "mswanson2f1\mswanson2f1.vbproj", "{78F6264D-D898-4ADB-B04E-313E7B40952A}"
EndProject
Project("{F184B08F-C81C-45F6-A57F-5ABD9991F28F}") = "mswanson2d1", "mswanson2d1\mswanson2d1.vbproj", "{B4217816-3BBC-468B-A510-E97ADDEE1529}"
EndProject
Project("{F184B08F-C81C-45F6-A57F-5ABD9991F28F}") = "mswanson2e1", "mswanson2e1\mswanson2e1.vbproj", "{BCF10188-4EF0-4B20-9A24-A504F0058F11}"
EndProject
Project("{F184B08F-C81C-45F6-A57F-5ABD9991F28F}") = "mswanson2g1", "mswanson2g1\mswanson2g1.vbproj", "{4DD4D9D5-DE42-45B1-8D61-8AB7738B9EAB}"
EndProject
Project("{F184B08F-C81C-45F6-A57F-5ABD9991F28F}") = "mswanson2h1", "mswanson2h1\mswanson2h1.vbproj", "{8042D7C1-1E57-4A7B-86D7-9C1AA2AB23B5}"
EndProject
Project("{F184B08F-C81C-45F6-A57F-5ABD9991F28F}") = "mswanson2i1", "mswanson2i1\mswanson2i1.vbproj", "{BD820F9C-BA2A-4F0E-BAB3-8E829D4501BC}"
EndProject
Project("{F184B08F-C81C-45F6-A57F-5ABD9991F28F}") = "mswanson2j1", "mswanson2j1\mswanson2j1.vbproj", "{58753749-2498-4BD0-8B25-D280A42D40A5}"
EndProject
Global
	GlobalSection(SolutionConfigurationPlatforms) = preSolution
		Debug|Any CPU = Debug|Any CPU
		Debug|x64 = Debug|x64
		Debug|x86 = Debug|x86
		Release|Any CPU = Release|Any CPU
		Release|x64 = Release|x64
		Release|x86 = Release|x86
	EndGlobalSection
	GlobalSection(ProjectConfigurationPlatforms) = postSolution
		{684A780D-5F29-45C7-AD58-553B4D20DBD0}.Debug|Any CPU.ActiveCfg = Debug|Any CPU
		{684A780D-5F29-45C7-AD58-553B4D20DBD0}.Debug|Any CPU.Build.0 = Debug|Any CPU
		{684A780D-5F29-45C7-AD58-553B4D20DBD0}.Debug|x64.ActiveCfg = Debug|Any CPU
		{684A780D-5F29-45C7-AD58-553B4D20DBD0}.Debug|x64.Build.0 = Debug|Any CPU
		{684A780D-5F29-45C7-AD58-553B4D20DBD0}.Debug|x86.ActiveCfg = Debug|Any CPU
		{684A780D-5F29-45C7-AD58-553B4D20DBD0}.Debug|x86.Build.0 = Debug|Any CPU
		{684A780D-5F29-45C7-AD58-553B4D20DBD0}.Release|Any CPU.ActiveCfg = Release|Any CPU
		{684A780D-5F29-45C7-AD58-553B4D20DBD0}.Release|Any CPU.Build.0 = Release|Any CPU
		{684A780D-5F29-45C7-AD58-553B4D20DBD0}.Release|x64.ActiveCfg = Release|Any CPU
		{684A780D-5F29-45C7-AD58-553B4D20DBD0}.Release|x64.Build.0 = Release|Any CPU
		{684A780D-5F29-45C7-AD58-553B4D20DBD0}.Release|x86.ActiveCfg = Release|Any CPU
		{684A780D-5F29-45C7-AD58-553B4D20DBD0}.Release|x86.Build.0 = Release|Any CPU
		{BCD3BC9C-1BD0-4A78-9BD3-32706BDF5FDA}.Debug|Any CPU.ActiveCfg = Debug|Any CPU
		{BCD3BC9C-1BD0-4A78-9BD3-32706BDF5FDA}.Debug|Any CPU.Build.0 = Debug|Any CPU
		{BCD3BC9C-1BD0-4A78-9BD3-32706BDF5FDA}.Debug|x64.ActiveCfg = Debug|Any CPU
		{BCD3BC9C-1BD0-4A78-9BD3-32706BDF5FDA}.Debug|x64.Build.0 = Debug|Any CPU
		{BCD3BC9C-1BD0-4A78-9BD3-32706BDF5FDA}.Debug|x86.ActiveCfg = Debug|Any CPU
		{BCD3BC9C-1BD0-4A78-9BD3-32706BDF5FDA}.Debug|x86.Build.0 = Debug|Any CPU
		{BCD3BC9C-1BD0-4A78-9BD3-32706BDF5FDA}.Release|Any CPU.ActiveCfg = Release|Any CPU
		{BCD3BC9C-1BD0-4A78-9BD3-32706BDF5FDA}.Release|Any CPU.Build.0 = Release|Any CPU
		{BCD3BC9C-1BD0-4A78-9BD3-32706BDF5FDA}.Release|x64.ActiveCfg = Release|Any CPU
		{BCD3BC9C-1BD0-4A78-9BD3-32706BDF5FDA}.Release|x64.Build.0 = Release|Any CPU
		{BCD3BC9C-1BD0-4A78-9BD3-32706BDF5FDA}.Release|x86.ActiveCfg = Release|Any CPU
		{BCD3BC9C-1BD0-4A78-9BD3-32706BDF5FDA}.Release|x86.Build.0 = Release|Any CPU
		{7691698E-10E6-4345-BDAA-97C98B4DAACE}.Debug|Any CPU.ActiveCfg = Debug|Any CPU
		{7691698E-10E6-4345-BDAA-97C98B4DAACE}.Debug|Any CPU.Build.0 = Debug|Any CPU
		{7691698E-10E6-4345-BDAA-97C98B4DAACE}.Debug|x64.ActiveCfg = Debug|Any CPU
		{7691698E-10E6-4345-BDAA-97C98B4DAACE}.Debug|x64.Build.0 = Debug|Any CPU
		{7691698E-10E6-4345-BDAA-97C98B4DAACE}.Debug|x86.ActiveCfg = Debug|Any CPU
		{7691698E-10E6-4345-BDAA-97C98B4DAACE}.Debug|x86.Build.0 = Debug|Any CPU
		{7691698E-10E6-4345-BDAA-97C98B4DAACE}.Release|Any CPU.ActiveCfg = Release|Any CPU
		{7691698E-10E6-4345-BDAA-97C98B4DAACE}.Release|Any CPU.Build.0 = Release|Any CPU
		{7691698E-10E6-4345-BDAA-97C98B4DAACE}.Release|x64.ActiveCfg = Release|Any CPU
		{7691698E-10E6-4345-BDAA-97C98B4DAACE}.Release|x64.Build.0 = Release|Any CPU
		{7691698E-10E6-4345-BDAA-97C98B4DAACE}.Release|x86.ActiveCfg = Release|Any CPU
		{7691698E-10E6-4345-BDAA-97C98B4DAACE}.Release|x86.Build.0 = Release|Any CPU
		{6561F37D-DF96-41A1-B742-827B6202DC59}.Debug|Any CPU.ActiveCfg = Debug|Any CPU
		{6561F37D-DF96-41A1-B742-827B6202DC59}.Debug|Any CPU.Build.0 = Debug|Any CPU
		{6561F37D-DF96-41A1-B742-827B6202DC59}.Debug|x64.ActiveCfg = Debug|Any CPU
		{6561F37D-DF96-41A1-B742-827B6202DC59}.Debug|x64.Build.0 = Debug|Any CPU
		{6561F37D-DF96-41A1-B742-827B6202DC59}.Debug|x86.ActiveCfg = Debug|Any CPU
		{6561F37D-DF96-41A1-B742-827B6202DC59}.Debug|x86.Build.0 = Debug|Any CPU
		{6561F37D-DF96-41A1-B742-827B6202DC59}.Release|Any CPU.ActiveCfg = Release|Any CPU
		{6561F37D-DF96-41A1-B742-827B6202DC59}.Release|Any CPU.Build.0 = Release|Any CPU
		{6561F37D-DF96-41A1-B742-827B6202DC59}.Release|x64.ActiveCfg = Release|Any CPU
		{6561F37D-DF96-41A1-B742-827B6202DC59}.Release|x64.Build.0 = Release|Any CPU
		{6561F37D-DF96-41A1-B742-827B6202DC59}.Release|x86.ActiveCfg = Release|Any CPU
		{6561F37D-DF96-41A1-B742-827B6202DC59}.Release|x86.Build.0 = Release|Any CPU
		{D8DD0A44-C11A-4F1C-A3F8-6FBE5FBDE74C}.Debug|Any CPU.ActiveCfg = Debug|Any CPU
		{D8DD0A44-C11A-4F1C-A3F8-6FBE5FBDE74C}.Debug|Any CPU.Build.0 = Debug|Any CPU
		{D8DD0A44-C11A-4F1C-A3F8-6FBE5FBDE74C}.Debug|x64.ActiveCfg = Debug|Any CPU
		{D8DD0A44-C11A-4F1C-A3F8-6FBE5FBDE74C}.Debug|x64.Build.0 = Debug|Any CPU
		{D8DD0A44-C11A-4F1C-A3F8-6FBE5FBDE74C}.Debug|x86.ActiveCfg = Debug|Any CPU
		{D8DD0A44-C11A-4F1C-A3F8-6FBE5FBDE74C}.Debug|x86.Build.0 = Debug|Any CPU
		{D8DD0A44-C11A-4F1C-A3F8-6FBE5FBDE74C}.Release|Any CPU.ActiveCfg = Release|Any CPU
		{D8DD0A44-C11A-4F1C-A3F8-6FBE5FBDE74C}.Release|Any CPU.Build.0 = Release|Any CPU
		{D8DD0A44-C11A-4F1C-A3F8-6FBE5FBDE74C}.Release|x64.ActiveCfg = Release|Any CPU
		{D8DD0A44-C11A-4F1C-A3F8-6FBE5FBDE74C}.Release|x64.Build.0 = Release|Any CPU
		{D8DD0A44-C11A-4F1C-A3F8-6FBE5FBDE74C}.Release|x86.ActiveCfg = Release|Any CPU
		{D8DD0A44-C11A-4F1C-A3F8-6FBE5FBDE74C}.Release|x86.Build.0 = Release|Any CPU
		{7E4C74F1-239B-4C5F-9D3F-72D2131B218C}.Debug|Any CPU.ActiveCfg = Debug|Any CPU
		{7E4C74F1-239B-4C5F-9D3F-72D2131B218C}.Debug|Any CPU.Build.0 = Debug|Any CPU
		{7E4C74F1-239B-4C5F-9D3F-72D2131B218C}.Debug|x64.ActiveCfg = Debug|Any CPU
		{7E4C74F1-239B-4C5F-9D3F-72D2131B218C}.Debug|x64.Build.0 = Debug|Any CPU
		{7E4C74F1-239B-4C5F-9D3F-72D2131B218C}.Debug|x86.ActiveCfg = Debug|Any CPU
		{7E4C74F1-239B-4C5F-9D3F-72D2131B218C}.Debug|x86.Build.0 = Debug|Any CPU
		{7E4C74F1-239B-4C5F-9D3F-72D2131B218C}.Release|Any CPU.ActiveCfg = Release|Any CPU
		{7E4C74F1-239B-4C5F-9D3F-72D2131B218C}.Release|Any CPU.Build.0 = Release|Any CPU
		{7E4C74F1-239B-4C5F-9D3F-72D2131B218C}.Release|x64.ActiveCfg = Release|Any CPU
		{7E4C74F1-239B-4C5F-9D3F-72D2131B218C}.Release|x64.Build.0 = Release|Any CPU
		{7E4C74F1-239B-4C5F-9D3F-72D2131B218C}.Release|x86.ActiveCfg = Release|Any CPU
		{7E4C74F1-239B-4C5F-9D3F-72D2131B218C}.Release|x86.Build.0 = Release|Any CPU
		{7753344F-1F4B-463F-8402-16FF376F2D47}.Debug|Any CPU.ActiveCfg = Debug|Any CPU
		{7753344F-1F4B-463F-8402-16FF376F2D47}.Debug|Any CPU.Build.0 = Debug|Any CPU
		{7753344F-1F4B-463F-8402-16FF376F2D47}.Debug|x64.ActiveCfg = Debug|Any CPU
		{7753344F-1F4B-463F-8402-16FF376F2D47}.Debug|x64.Build.0 = Debug|Any CPU
		{7753344F-1F4B-463F-8402-16FF376F2D47}.Debug|x86.ActiveCfg = Debug|Any CPU
		{7753344F-1F4B-463F-8402-16FF376F2D47}.Debug|x86.Build.0 = Debug|Any CPU
		{7753344F-1F4B-463F-8402-16FF376F2D47}.Release|Any CPU.ActiveCfg = Release|Any CPU
		{7753344F-1F4B-463F-8402-16FF376F2D47}.Release|Any CPU.Build.0 = Release|Any CPU
		{7753344F-1F4B-463F-8402-16FF376F2D47}.Release|x64.ActiveCfg = Release|Any CPU
		{7753344F-1F4B-463F-8402-16FF376F2D47}.Release|x64.Build.0 = Release|Any CPU
		{7753344F-1F4B-463F-8402-16FF376F2D47}.Release|x86.ActiveCfg = Release|Any CPU
		{7753344F-1F4B-463F-8402-16FF376F2D47}.Release|x86.Build.0 = Release|Any CPU
		{2BD314A3-2BBD-4371-836F-7484B3EBAD71}.Debug|Any CPU.ActiveCfg = Debug|Any CPU
		{2BD314A3-2BBD-4371-836F-7484B3EBAD71}.Debug|Any CPU.Build.0 = Debug|Any CPU
		{2BD314A3-2BBD-4371-836F-7484B3EBAD71}.Debug|x64.ActiveCfg = Debug|Any CPU
		{2BD314A3-2BBD-4371-836F-7484B3EBAD71}.Debug|x64.Build.0 = Debug|Any CPU
		{2BD314A3-2BBD-4371-836F-7484B3EBAD71}.Debug|x86.ActiveCfg = Debug|Any CPU
		{2BD314A3-2BBD-4371-836F-7484B3EBAD71}.Debug|x86.Build.0 = Debug|Any CPU
		{2BD314A3-2BBD-4371-836F-7484B3EBAD71}.Release|Any CPU.ActiveCfg = Release|Any CPU
		{2BD314A3-2BBD-4371-836F-7484B3EBAD71}.Release|Any CPU.Build.0 = Release|Any CPU
		{2BD314A3-2BBD-4371-836F-7484B3EBAD71}.Release|x64.ActiveCfg = Release|Any CPU
		{2BD314A3-2BBD-4371-836F-7484B3EBAD71}.Release|x64.Build.0 = Release|Any CPU
		{2BD314A3-2BBD-4371-836F-7484B3EBAD71}.Release|x86.ActiveCfg = Release|Any CPU
		{2BD314A3-2BBD-4371-836F-7484B3EBAD71}.Release|x86.Build.0 = Release|Any CPU
		{49A7BAAF-B725-4708-94B1-F0C1DFAE12F6}.Debug|Any CPU.ActiveCfg = Debug|Any CPU
		{49A7BAAF-B725-4708-94B1-F0C1DFAE12F6}.Debug|Any CPU.Build.0 = Debug|Any CPU
		{49A7BAAF-B725-4708-94B1-F0C1DFAE12F6}.Debug|x64.ActiveCfg = Debug|Any CPU
		{49A7BAAF-B725-4708-94B1-F0C1DFAE12F6}.Debug|x64.Build.0 = Debug|Any CPU
		{49A7BAAF-B725-4708-94B1-F0C1DFAE12F6}.Debug|x86.ActiveCfg = Debug|Any CPU
		{49A7BAAF-B725-4708-94B1-F0C1DFAE12F6}.Debug|x86.Build.0 = Debug|Any CPU
		{49A7BAAF-B725-4708-94B1-F0C1DFAE12F6}.Release|Any CPU.ActiveCfg = Release|Any CPU
		{49A7BAAF-B725-4708-94B1-F0C1DFAE12F6}.Release|Any CPU.Build.0 = Release|Any CPU
		{49A7BAAF-B725-4708-94B1-F0C1DFAE12F6}.Release|x64.ActiveCfg = Release|Any CPU
		{49A7BAAF-B725-4708-94B1-F0C1DFAE12F6}.Release|x64.Build.0 = Release|Any CPU
		{49A7BAAF-B725-4708-94B1-F0C1DFAE12F6}.Release|x86.ActiveCfg = Release|Any CPU
		{49A7BAAF-B725-4708-94B1-F0C1DFAE12F6}.Release|x86.Build.0 = Release|Any CPU
		{D130EA65-E12C-40ED-A5EC-281A496CCFF4}.Debug|Any CPU.ActiveCfg = Debug|Any CPU
		{D130EA65-E12C-40ED-A5EC-281A496CCFF4}.Debug|Any CPU.Build.0 = Debug|Any CPU
		{D130EA65-E12C-40ED-A5EC-281A496CCFF4}.Debug|x64.ActiveCfg = Debug|Any CPU
		{D130EA65-E12C-40ED-A5EC-281A496CCFF4}.Debug|x64.Build.0 = Debug|Any CPU
		{D130EA65-E12C-40ED-A5EC-281A496CCFF4}.Debug|x86.ActiveCfg = Debug|Any CPU
		{D130EA65-E12C-40ED-A5EC-281A496CCFF4}.Debug|x86.Build.0 = Debug|Any CPU
		{D130EA65-E12C-40ED-A5EC-281A496CCFF4}.Release|Any CPU.ActiveCfg = Release|Any CPU
		{D130EA65-E12C-40ED-A5EC-281A496CCFF4}.Release|Any CPU.Build.0 = Release|Any CPU
		{D130EA65-E12C-40ED-A5EC-281A496CCFF4}.Release|x64.ActiveCfg = Release|Any CPU
		{D130EA65-E12C-40ED-A5EC-281A496CCFF4}.Release|x64.Build.0 = Release|Any CPU
		{D130EA65-E12C-40ED-A5EC-281A496CCFF4}.Release|x86.ActiveCfg = Release|Any CPU
		{D130EA65-E12C-40ED-A5EC-281A496CCFF4}.Release|x86.Build.0 = Release|Any CPU
		{33904DA9-F307-4F72-BD16-23BDD6D029C4}.Debug|Any CPU.ActiveCfg = Debug|Any CPU
		{33904DA9-F307-4F72-BD16-23BDD6D029C4}.Debug|Any CPU.Build.0 = Debug|Any CPU
		{33904DA9-F307-4F72-BD16-23BDD6D029C4}.Debug|x64.ActiveCfg = Debug|Any CPU
		{33904DA9-F307-4F72-BD16-23BDD6D029C4}.Debug|x64.Build.0 = Debug|Any CPU
		{33904DA9-F307-4F72-BD16-23BDD6D029C4}.Debug|x86.ActiveCfg = Debug|Any CPU
		{33904DA9-F307-4F72-BD16-23BDD6D029C4}.Debug|x86.Build.0 = Debug|Any CPU
		{33904DA9-F307-4F72-BD16-23BDD6D029C4}.Release|Any CPU.ActiveCfg = Release|Any CPU
		{33904DA9-F307-4F72-BD16-23BDD6D029C4}.Release|Any CPU.Build.0 = Release|Any CPU
		{33904DA9-F307-4F72-BD16-23BDD6D029C4}.Release|x64.ActiveCfg = Release|Any CPU
		{33904DA9-F307-4F72-BD16-23BDD6D029C4}.Release|x64.Build.0 = Release|Any CPU
		{33904DA9-F307-4F72-BD16-23BDD6D029C4}.Release|x86.ActiveCfg = Release|Any CPU
		{33904DA9-F307-4F72-BD16-23BDD6D029C4}.Release|x86.Build.0 = Release|Any CPU
		{78F6264D-D898-4ADB-B04E-313E7B40952A}.Debug|Any CPU.ActiveCfg = Debug|Any CPU
		{78F6264D-D898-4ADB-B04E-313E7B40952A}.Debug|Any CPU.Build.0 = Debug|Any CPU
		{78F6264D-D898-4ADB-B04E-313E7B40952A}.Debug|x64.ActiveCfg = Debug|Any CPU
		{78F6264D-D898-4ADB-B04E-313E7B40952A}.Debug|x64.Build.0 = Debug|Any CPU
		{78F6264D-D898-4ADB-B04E-313E7B40952A}.Debug|x86.ActiveCfg = Debug|Any CPU
		{78F6264D-D898-4ADB-B04E-313E7B40952A}.Debug|x86.Build.0 = Debug|Any CPU
		{78F6264D-D898-4ADB-B04E-313E7B40952A}.Release|Any CPU.ActiveCfg = Release|Any CPU
		{78F6264D-D898-4ADB-B04E-313E7B40952A}.Release|Any CPU.Build.0 = Release|Any CPU
		{78F6264D-D898-4ADB-B04E-313E7B40952A}.Release|x64.ActiveCfg = Release|Any CPU
		{78F6264D-D898-4ADB-B04E-313E7B40952A}.Release|x64.Build.0 = Release|Any CPU
		{78F6264D-D898-4ADB-B04E-313E7B40952A}.Release|x86.ActiveCfg = Release|Any CPU
		{78F6264D-D898-4ADB-B04E-313E7B40952A}.Release|x86.Build.0 = Release|Any CPU
		{B4217816-3BBC-468B-A510-E97ADDEE1529}.Debug|Any CPU.ActiveCfg = Debug|Any CPU
		{B4217816-3BBC-468B-A510-E97ADDEE1529}.Debug|Any CPU.Build.0 = Debug|Any CPU
		{B4217816-3BBC-468B-A510-E97ADDEE1529}.Debug|x64.ActiveCfg = Debug|Any CPU
		{B4217816-3BBC-468B-A510-E97ADDEE1529}.Debug|x64.Build.0 = Debug|Any CPU
		{B4217816-3BBC-468B-A510-E97ADDEE1529}.Debug|x86.ActiveCfg = Debug|Any CPU
		{B4217816-3BBC-468B-A510-E97ADDEE1529}.Debug|x86.Build.0 = Debug|Any CPU
		{B4217816-3BBC-468B-A510-E97ADDEE1529}.Release|Any CPU.ActiveCfg = Release|Any CPU
		{B4217816-3BBC-468B-A510-E97ADDEE1529}.Release|Any CPU.Build.0 = Release|Any CPU
		{B4217816-3BBC-468B-A510-E97ADDEE1529}.Release|x64.ActiveCfg = Release|Any CPU
		{B4217816-3BBC-468B-A510-E97ADDEE1529}.Release|x64.Build.0 = Release|Any CPU
		{B4217816-3BBC-468B-A510-E97ADDEE1529}.Release|x86.ActiveCfg = Release|Any CPU
		{B4217816-3BBC-468B-A510-E97ADDEE1529}.Release|x86.Build.0 = Release|Any CPU
		{BCF10188-4EF0-4B20-9A24-A504F0058F11}.Debug|Any CPU.ActiveCfg = Debug|Any CPU
		{BCF10188-4EF0-4B20-9A24-A504F0058F11}.Debug|Any CPU.Build.0 = Debug|Any CPU
		{BCF10188-4EF0-4B20-9A24-A504F0058F11}.Debug|x64.ActiveCfg = Debug|Any CPU
		{BCF10188-4EF0-4B20-9A24-A504F0058F11}.Debug|x64.Build.0 = Debug|Any CPU
		{BCF10188-4EF0-4B20-9A24-A504F0058F11}.Debug|x86.ActiveCfg = Debug|Any CPU
		{BCF10188-4EF0-4B20-9A24-A504F0058F11}.Debug|x86.Build.0 = Debug|Any CPU
		{BCF10188-4EF0-4B20-9A24-A504F0058F11}.Release|Any CPU.ActiveCfg = Release|Any CPU
		{BCF10188-4EF0-4B20-9A24-A504F0058F11}.Release|Any CPU.Build.0 = Release|Any CPU
		{BCF10188-4EF0-4B20-9A24-A504F0058F11}.Release|x64.ActiveCfg = Release|Any CPU
		{BCF10188-4EF0-4B20-9A24-A504F0058F11}.Release|x64.Build.0 = Release|Any CPU
		{BCF10188-4EF0-4B20-9A24-A504F0058F11}.Release|x86.ActiveCfg = Release|Any CPU
		{BCF10188-4EF0-4B20-9A24-A504F0058F11}.Release|x86.Build.0 = Release|Any CPU
		{4DD4D9D5-DE42-45B1-8D61-8AB7738B9EAB}.Debug|Any CPU.ActiveCfg = Debug|Any CPU
		{4DD4D9D5-DE42-45B1-8D61-8AB7738B9EAB}.Debug|Any CPU.Build.0 = Debug|Any CPU
		{4DD4D9D5-DE42-45B1-8D61-8AB7738B9EAB}.Debug|x64.ActiveCfg = Debug|Any CPU
		{4DD4D9D5-DE42-45B1-8D61-8AB7738B9EAB}.Debug|x64.Build.0 = Debug|Any CPU
		{4DD4D9D5-DE42-45B1-8D61-8AB7738B9EAB}.Debug|x86.ActiveCfg = Debug|Any CPU
		{4DD4D9D5-DE42-45B1-8D61-8AB7738B9EAB}.Debug|x86.Build.0 = Debug|Any CPU
		{4DD4D9D5-DE42-45B1-8D61-8AB7738B9EAB}.Release|Any CPU.ActiveCfg = Release|Any CPU
		{4DD4D9D5-DE42-45B1-8D61-8AB7738B9EAB}.Release|Any CPU.Build.0 = Release|Any CPU
		{4DD4D9D5-DE42-45B1-8D61-8AB7738B9EAB}.Release|x64.ActiveCfg = Release|Any CPU
		{4DD4D9D5-DE42-45B1-8D61-8AB7738B9EAB}.Release|x64.Build.0 = Release|Any CPU
		{4DD4D9D5-DE42-45B1-8D61-8AB7738B9EAB}.Release|x86.ActiveCfg = Release|Any CPU
		{4DD4D9D5-DE42-45B1-8D61-8AB7738B9EAB}.Release|x86.Build.0 = Release|Any CPU
		{8042D7C1-1E57-4A7B-86D7-9C1AA2AB23B5}.Debug|Any CPU.ActiveCfg = Debug|Any CPU
		{8042D7C1-1E57-4A7B-86D7-9C1AA2AB23B5}.Debug|Any CPU.Build.0 = Debug|Any CPU
		{8042D7C1-1E57-4A7B-86D7-9C1AA2AB23B5}.Debug|x64.ActiveCfg = Debug|Any CPU
		{8042D7C1-1E57-4A7B-86D7-9C1AA2AB23B5}.Debug|x64.Build.0 = Debug|Any CPU
		{8042D7C1-1E57-4A7B-86D7-9C1AA2AB23B5}.Debug|x86.ActiveCfg = Debug|Any CPU
		{8042D7C1-1E57-4A7B-86D7-9C1AA2AB23B5}.Debug|x86.Build.0 = Debug|Any CPU
		{8042D7C1-1E57-4A7B-86D7-9C1AA2AB23B5}.Release|Any CPU.ActiveCfg = Release|Any CPU
		{8042D7C1-1E57-4A7B-86D7-9C1AA2AB23B5}.Release|Any CPU.Build.0 = Release|Any CPU
		{8042D7C1-1E57-4A7B-86D7-9C1AA2AB23B5}.Release|x64.ActiveCfg = Release|Any CPU
		{8042D7C1-1E57-4A7B-86D7-9C1AA2AB23B5}.Release|x64.Build.0 = Release|Any CPU
		{8042D7C1-1E57-4A7B-86D7-9C1AA2AB23B5}.Release|x86.ActiveCfg = Release|Any CPU
		{8042D7C1-1E57-4A7B-86D7-9C1AA2AB23B5}.Release|x86.Build.0 = Release|Any CPU
		{BD820F9C-BA2A-4F0E-BAB3-8E829D4501BC}.Debug|Any CPU.ActiveCfg = Debug|Any CPU
		{BD820F9C-BA2A-4F0E-BAB3-8E829D4501BC}.Debug|Any CPU.Build.0 = Debug|Any CPU
		{BD820F9C-BA2A-4F0E-BAB3-8E829D4501BC}.Debug|x64.ActiveCfg = Debug|Any CPU
		{BD820F9C-BA2A-4F0E-BAB3-8E829D4501BC}.Debug|x64.Build.0 = Debug|Any CPU
		{BD820F9C-BA2A-4F0E-BAB3-8E829D4501BC}.Debug|x86.ActiveCfg = Debug|Any CPU
		{BD820F9C-BA2A-4F0E-BAB3-8E829D4501BC}.Debug|x86.Build.0 = Debug|Any CPU
		{BD820F9C-BA2A-4F0E-BAB3-8E829D4501BC}.Release|Any CPU.ActiveCfg = Release|Any CPU
		{BD820F9C-BA2A-4F0E-BAB3-8E829D4501BC}.Release|Any CPU.Build.0 = Release|Any CPU
		{BD820F9C-BA2A-4F0E-BAB3-8E829D4501BC}.Release|x64.ActiveCfg = Release|Any CPU
		{BD820F9C-BA2A-4F0E-BAB3-8E829D4501BC}.Release|x64.Build.0 = Release|Any CPU
		{BD820F9C-BA2A-4F0E-BAB3-8E829D4501BC}.Release|x86.ActiveCfg = Release|Any CPU
		{BD820F9C-BA2A-4F0E-BAB3-8E829D4501BC}.Release|x86.Build.0 = Release|Any CPU
		{58753749-2498-4BD0-8B25-D280A42D40A5}.Debug|Any CPU.ActiveCfg = Debug|Any CPU
		{58753749-2498-4BD0-8B25-D280A42D40A5}.Debug|Any CPU.Build.0 = Debug|Any CPU
		{58753749-2498-4BD0-8B25-D280A42D40A5}.Debug|x64.ActiveCfg = Debug|Any CPU
		{58753749-2498-4BD0-8B25-D280A42D40A5}.Debug|x64.Build.0 = Debug|Any CPU
		{58753749-2498-4BD0-8B25-D280A42D40A5}.Debug|x86.ActiveCfg = Debug|Any CPU
		{58753749-2498-4BD0-8B25-D280A42D40A5}.Debug|x86.Build.0 = Debug|Any CPU
		{58753749-2498-4BD0-8B25-D280A42D40A5}.Release|Any CPU.ActiveCfg = Release|Any CPU
		{58753749-2498-4BD0-8B25-D280A42D40A5}.Release|Any CPU.Build.0 = Release|Any CPU
		{58753749-2498-4BD0-8B25-D280A42D40A5}.Release|x64.ActiveCfg = Release|Any CPU
		{58753749-2498-4BD0-8B25-D280A42D40A5}.Release|x64.Build.0 = Release|Any CPU
		{58753749-2498-4BD0-8B25-D280A42D40A5}.Release|x86.ActiveCfg = Release|Any CPU
		{58753749-2498-4BD0-8B25-D280A42D40A5}.Release|x86.Build.0 = Release|Any CPU
	EndGlobalSection
	GlobalSection(SolutionProperties) = preSolution
		HideSolutionNode = FALSE
	EndGlobalSection
EndGlobal
